{
  "object": {
    "pins": [
      {
        "package": "Common",
        "repositoryURL": "https://github.com/noahemmet/Common",
        "state": {
          "branch": "master",
          "revision": "e3fc95b4da3ada66b89c024c9e0760b9d3dd861f",
          "version": null
        }
      }
    ]
  },
  "version": 1
}
